
Microsoft Visual Studio Solution File, Format Version 12.00
# Visual Studio 15
VisualStudioVersion = 15.0.26430.15
MinimumVisualStudioVersion = 10.0.40219.1
Project("{FAE04EC0-301F-11D3-BF4B-00C04F79EFBC}") = "Thread_Demo", "c:\users\mak\documents\visual studio 2017\Projects\Thread_Demo\Thread_Demo\Thread_Demo.csproj", "{634EB1FC-D6C4-47F8-9E50-8CACAEACDC19}"
EndProject
Project("{FAE04EC0-301F-11D3-BF4B-00C04F79EFBC}") = "Rocket", "..\..\Process\Process\Rocket\Rocket.csproj", "{2532913A-69B6-4CE4-8C64-DF6024420E59}"
EndProject
Global
	GlobalSection(SolutionConfigurationPlatforms) = preSolution
		Debug|Any CPU = Debug|Any CPU
		Release|Any CPU = Release|Any CPU
	EndGlobalSection
	GlobalSection(ProjectConfigurationPlatforms) = postSolution
		{634EB1FC-D6C4-47F8-9E50-8CACAEACDC19}.Debug|Any CPU.ActiveCfg = Debug|Any CPU
		{634EB1FC-D6C4-47F8-9E50-8CACAEACDC19}.Debug|Any CPU.Build.0 = Debug|Any CPU
		{634EB1FC-D6C4-47F8-9E50-8CACAEACDC19}.Release|Any CPU.ActiveCfg = Release|Any CPU
		{634EB1FC-D6C4-47F8-9E50-8CACAEACDC19}.Release|Any CPU.Build.0 = Release|Any CPU
		{2532913A-69B6-4CE4-8C64-DF6024420E59}.Debug|Any CPU.ActiveCfg = Debug|Any CPU
		{2532913A-69B6-4CE4-8C64-DF6024420E59}.Debug|Any CPU.Build.0 = Debug|Any CPU
		{2532913A-69B6-4CE4-8C64-DF6024420E59}.Release|Any CPU.ActiveCfg = Release|Any CPU
		{2532913A-69B6-4CE4-8C64-DF6024420E59}.Release|Any CPU.Build.0 = Release|Any CPU
	EndGlobalSection
	GlobalSection(SolutionProperties) = preSolution
		HideSolutionNode = FALSE
	EndGlobalSection
EndGlobal
